// !$*UTF8*$!
{
	archiveVersion = 1;
	classes = {
	};
	objectVersion = 46;
	objects = {

/* Begin PBXBuildFile section */
		0C6A774C18B9A80700AF1B42 /* TSTableViewCell.m in Sources */ = {isa = PBXBuildFile; fileRef = 0C6A774B18B9A80700AF1B42 /* TSTableViewCell.m */; };
		0C6A774E18B9A9E700AF1B42 /* EventBriefInfoTableViewCell.xib in Resources */ = {isa = PBXBuildFile; fileRef = 0C6A774D18B9A9E700AF1B42 /* EventBriefInfoTableViewCell.xib */; };
		0C6A775518B9AD6C00AF1B42 /* icon.png in Resources */ = {isa = PBXBuildFile; fileRef = 0C6A775418B9AD6C00AF1B42 /* icon.png */; };
		0C6A775818B9B51F00AF1B42 /* EventDetailViewController.m in Sources */ = {isa = PBXBuildFile; fileRef = 0C6A775718B9B51F00AF1B42 /* EventDetailViewController.m */; };
		0C6A775B18B9B9CD00AF1B42 /* TSTableView.m in Sources */ = {isa = PBXBuildFile; fileRef = 0C6A775A18B9B9CD00AF1B42 /* TSTableView.m */; };
		0C6A775E18B9BB3100AF1B42 /* EventBriefInfoTableViewCell.m in Sources */ = {isa = PBXBuildFile; fileRef = 0C6A775D18B9BB3100AF1B42 /* EventBriefInfoTableViewCell.m */; };
		0C6A776118B9BC3700AF1B42 /* EventBriefInfoTableView.m in Sources */ = {isa = PBXBuildFile; fileRef = 0C6A776018B9BC3700AF1B42 /* EventBriefInfoTableView.m */; };
		0C6A776418B9BE5000AF1B42 /* EventBriefInfoModel.m in Sources */ = {isa = PBXBuildFile; fileRef = 0C6A776318B9BE5000AF1B42 /* EventBriefInfoModel.m */; };
		0C6A776C18B9C9B500AF1B42 /* IISideController.m in Sources */ = {isa = PBXBuildFile; fileRef = 0C6A776718B9C9B500AF1B42 /* IISideController.m */; };
		0C6A776D18B9C9B500AF1B42 /* IIViewDeckController.m in Sources */ = {isa = PBXBuildFile; fileRef = 0C6A776918B9C9B500AF1B42 /* IIViewDeckController.m */; };
		0C6A776E18B9C9B500AF1B42 /* IIWrapController.m in Sources */ = {isa = PBXBuildFile; fileRef = 0C6A776B18B9C9B500AF1B42 /* IIWrapController.m */; };
		0C6A777118B9CAC700AF1B42 /* UserViewController.m in Sources */ = {isa = PBXBuildFile; fileRef = 0C6A777018B9CAC700AF1B42 /* UserViewController.m */; };
		0C6A777418B9DF7400AF1B42 /* AppUtil.m in Sources */ = {isa = PBXBuildFile; fileRef = 0C6A777318B9DF7400AF1B42 /* AppUtil.m */; };
		0C6A777A18B9E11600AF1B42 /* SIKHttpRequest.m in Sources */ = {isa = PBXBuildFile; fileRef = 0C6A777718B9E11600AF1B42 /* SIKHttpRequest.m */; };
		0C6A777B18B9E11600AF1B42 /* SIKHttpResponse.m in Sources */ = {isa = PBXBuildFile; fileRef = 0C6A777918B9E11600AF1B42 /* SIKHttpResponse.m */; };
		0C6A778418B9E26D00AF1B42 /* CJSONDeserializer.m in Sources */ = {isa = PBXBuildFile; fileRef = 0C6A777E18B9E26D00AF1B42 /* CJSONDeserializer.m */; };
		0C6A778518B9E26D00AF1B42 /* CJSONSerializer.m in Sources */ = {isa = PBXBuildFile; fileRef = 0C6A778018B9E26D00AF1B42 /* CJSONSerializer.m */; };
		0C6A778618B9E26D00AF1B42 /* NSDictionary_JSONExtensions.m in Sources */ = {isa = PBXBuildFile; fileRef = 0C6A778318B9E26D00AF1B42 /* NSDictionary_JSONExtensions.m */; };
		0C9017CD18B93C1F00A98C5C /* Foundation.framework in Frameworks */ = {isa = PBXBuildFile; fileRef = 0C9017CC18B93C1F00A98C5C /* Foundation.framework */; };
		0C9017CF18B93C1F00A98C5C /* CoreGraphics.framework in Frameworks */ = {isa = PBXBuildFile; fileRef = 0C9017CE18B93C1F00A98C5C /* CoreGraphics.framework */; };
		0C9017D118B93C1F00A98C5C /* UIKit.framework in Frameworks */ = {isa = PBXBuildFile; fileRef = 0C9017D018B93C1F00A98C5C /* UIKit.framework */; };
		0C9017D718B93C1F00A98C5C /* InfoPlist.strings in Resources */ = {isa = PBXBuildFile; fileRef = 0C9017D518B93C1F00A98C5C /* InfoPlist.strings */; };
		0C9017D918B93C1F00A98C5C /* main.m in Sources */ = {isa = PBXBuildFile; fileRef = 0C9017D818B93C1F00A98C5C /* main.m */; };
		0C9017DD18B93C1F00A98C5C /* AppDelegate.m in Sources */ = {isa = PBXBuildFile; fileRef = 0C9017DC18B93C1F00A98C5C /* AppDelegate.m */; };
		0C9017E618B93C1F00A98C5C /* TSViewController.m in Sources */ = {isa = PBXBuildFile; fileRef = 0C9017E518B93C1F00A98C5C /* TSViewController.m */; };
		0C9017E818B93C1F00A98C5C /* Images.xcassets in Resources */ = {isa = PBXBuildFile; fileRef = 0C9017E718B93C1F00A98C5C /* Images.xcassets */; };
		0C9017EF18B93C2000A98C5C /* XCTest.framework in Frameworks */ = {isa = PBXBuildFile; fileRef = 0C9017EE18B93C2000A98C5C /* XCTest.framework */; };
		0C9017F018B93C2000A98C5C /* Foundation.framework in Frameworks */ = {isa = PBXBuildFile; fileRef = 0C9017CC18B93C1F00A98C5C /* Foundation.framework */; };
		0C9017F118B93C2000A98C5C /* UIKit.framework in Frameworks */ = {isa = PBXBuildFile; fileRef = 0C9017D018B93C1F00A98C5C /* UIKit.framework */; };
		0C9017F918B93C2000A98C5C /* InfoPlist.strings in Resources */ = {isa = PBXBuildFile; fileRef = 0C9017F718B93C2000A98C5C /* InfoPlist.strings */; };
		0C9017FB18B93C2000A98C5C /* TimeInSpongeTests.m in Sources */ = {isa = PBXBuildFile; fileRef = 0C9017FA18B93C2000A98C5C /* TimeInSpongeTests.m */; };
/* End PBXBuildFile section */

/* Begin PBXContainerItemProxy section */
		0C9017F218B93C2000A98C5C /* PBXContainerItemProxy */ = {
			isa = PBXContainerItemProxy;
			containerPortal = 0C9017C118B93C1F00A98C5C /* Project object */;
			proxyType = 1;
			remoteGlobalIDString = 0C9017C818B93C1F00A98C5C;
			remoteInfo = TimeInSponge;
		};
/* End PBXContainerItemProxy section */

/* Begin PBXFileReference section */
		0C6A774A18B9A80700AF1B42 /* TSTableViewCell.h */ = {isa = PBXFileReference; fileEncoding = 4; lastKnownFileType = sourcecode.c.h; path = TSTableViewCell.h; sourceTree = "<group>"; };
		0C6A774B18B9A80700AF1B42 /* TSTableViewCell.m */ = {isa = PBXFileReference; fileEncoding = 4; lastKnownFileType = sourcecode.c.objc; path = TSTableViewCell.m; sourceTree = "<group>"; };
		0C6A774D18B9A9E700AF1B42 /* EventBriefInfoTableViewCell.xib */ = {isa = PBXFileReference; fileEncoding = 4; lastKnownFileType = file.xib; path = EventBriefInfoTableViewCell.xib; sourceTree = "<group>"; };
		0C6A775418B9AD6C00AF1B42 /* icon.png */ = {isa = PBXFileReference; lastKnownFileType = image.png; path = icon.png; sourceTree = "<group>"; };
		0C6A775618B9B51F00AF1B42 /* EventDetailViewController.h */ = {isa = PBXFileReference; fileEncoding = 4; lastKnownFileType = sourcecode.c.h; path = EventDetailViewController.h; sourceTree = "<group>"; };
		0C6A775718B9B51F00AF1B42 /* EventDetailViewController.m */ = {isa = PBXFileReference; fileEncoding = 4; lastKnownFileType = sourcecode.c.objc; path = EventDetailViewController.m; sourceTree = "<group>"; };
		0C6A775918B9B9CD00AF1B42 /* TSTableView.h */ = {isa = PBXFileReference; fileEncoding = 4; lastKnownFileType = sourcecode.c.h; path = TSTableView.h; sourceTree = "<group>"; };
		0C6A775A18B9B9CD00AF1B42 /* TSTableView.m */ = {isa = PBXFileReference; fileEncoding = 4; lastKnownFileType = sourcecode.c.objc; path = TSTableView.m; sourceTree = "<group>"; };
		0C6A775C18B9BB3100AF1B42 /* EventBriefInfoTableViewCell.h */ = {isa = PBXFileReference; fileEncoding = 4; lastKnownFileType = sourcecode.c.h; path = EventBriefInfoTableViewCell.h; sourceTree = "<group>"; };
		0C6A775D18B9BB3100AF1B42 /* EventBriefInfoTableViewCell.m */ = {isa = PBXFileReference; fileEncoding = 4; lastKnownFileType = sourcecode.c.objc; path = EventBriefInfoTableViewCell.m; sourceTree = "<group>"; };
		0C6A775F18B9BC3700AF1B42 /* EventBriefInfoTableView.h */ = {isa = PBXFileReference; fileEncoding = 4; lastKnownFileType = sourcecode.c.h; path = EventBriefInfoTableView.h; sourceTree = "<group>"; };
		0C6A776018B9BC3700AF1B42 /* EventBriefInfoTableView.m */ = {isa = PBXFileReference; fileEncoding = 4; lastKnownFileType = sourcecode.c.objc; path = EventBriefInfoTableView.m; sourceTree = "<group>"; };
		0C6A776218B9BE5000AF1B42 /* EventBriefInfoModel.h */ = {isa = PBXFileReference; fileEncoding = 4; lastKnownFileType = sourcecode.c.h; path = EventBriefInfoModel.h; sourceTree = "<group>"; };
		0C6A776318B9BE5000AF1B42 /* EventBriefInfoModel.m */ = {isa = PBXFileReference; fileEncoding = 4; lastKnownFileType = sourcecode.c.objc; path = EventBriefInfoModel.m; sourceTree = "<group>"; };
		0C6A776618B9C9B500AF1B42 /* IISideController.h */ = {isa = PBXFileReference; fileEncoding = 4; lastKnownFileType = sourcecode.c.h; path = IISideController.h; sourceTree = "<group>"; };
		0C6A776718B9C9B500AF1B42 /* IISideController.m */ = {isa = PBXFileReference; fileEncoding = 4; lastKnownFileType = sourcecode.c.objc; path = IISideController.m; sourceTree = "<group>"; };
		0C6A776818B9C9B500AF1B42 /* IIViewDeckController.h */ = {isa = PBXFileReference; fileEncoding = 4; lastKnownFileType = sourcecode.c.h; path = IIViewDeckController.h; sourceTree = "<group>"; };
		0C6A776918B9C9B500AF1B42 /* IIViewDeckController.m */ = {isa = PBXFileReference; fileEncoding = 4; lastKnownFileType = sourcecode.c.objc; path = IIViewDeckController.m; sourceTree = "<group>"; };
		0C6A776A18B9C9B500AF1B42 /* IIWrapController.h */ = {isa = PBXFileReference; fileEncoding = 4; lastKnownFileType = sourcecode.c.h; path = IIWrapController.h; sourceTree = "<group>"; };
		0C6A776B18B9C9B500AF1B42 /* IIWrapController.m */ = {isa = PBXFileReference; fileEncoding = 4; lastKnownFileType = sourcecode.c.objc; path = IIWrapController.m; sourceTree = "<group>"; };
		0C6A776F18B9CAC700AF1B42 /* UserViewController.h */ = {isa = PBXFileReference; fileEncoding = 4; lastKnownFileType = sourcecode.c.h; path = UserViewController.h; sourceTree = "<group>"; };
		0C6A777018B9CAC700AF1B42 /* UserViewController.m */ = {isa = PBXFileReference; fileEncoding = 4; lastKnownFileType = sourcecode.c.objc; path = UserViewController.m; sourceTree = "<group>"; };
		0C6A777218B9DF7400AF1B42 /* AppUtil.h */ = {isa = PBXFileReference; fileEncoding = 4; lastKnownFileType = sourcecode.c.h; path = AppUtil.h; sourceTree = "<group>"; };
		0C6A777318B9DF7400AF1B42 /* AppUtil.m */ = {isa = PBXFileReference; fileEncoding = 4; lastKnownFileType = sourcecode.c.objc; path = AppUtil.m; sourceTree = "<group>"; };
		0C6A777618B9E11600AF1B42 /* SIKHttpRequest.h */ = {isa = PBXFileReference; fileEncoding = 4; lastKnownFileType = sourcecode.c.h; path = SIKHttpRequest.h; sourceTree = "<group>"; };
		0C6A777718B9E11600AF1B42 /* SIKHttpRequest.m */ = {isa = PBXFileReference; fileEncoding = 4; lastKnownFileType = sourcecode.c.objc; path = SIKHttpRequest.m; sourceTree = "<group>"; };
		0C6A777818B9E11600AF1B42 /* SIKHttpResponse.h */ = {isa = PBXFileReference; fileEncoding = 4; lastKnownFileType = sourcecode.c.h; path = SIKHttpResponse.h; sourceTree = "<group>"; };
		0C6A777918B9E11600AF1B42 /* SIKHttpResponse.m */ = {isa = PBXFileReference; fileEncoding = 4; lastKnownFileType = sourcecode.c.objc; path = SIKHttpResponse.m; sourceTree = "<group>"; };
		0C6A777D18B9E26D00AF1B42 /* CJSONDeserializer.h */ = {isa = PBXFileReference; fileEncoding = 4; lastKnownFileType = sourcecode.c.h; path = CJSONDeserializer.h; sourceTree = "<group>"; };
		0C6A777E18B9E26D00AF1B42 /* CJSONDeserializer.m */ = {isa = PBXFileReference; fileEncoding = 4; lastKnownFileType = sourcecode.c.objc; path = CJSONDeserializer.m; sourceTree = "<group>"; };
		0C6A777F18B9E26D00AF1B42 /* CJSONSerializer.h */ = {isa = PBXFileReference; fileEncoding = 4; lastKnownFileType = sourcecode.c.h; path = CJSONSerializer.h; sourceTree = "<group>"; };
		0C6A778018B9E26D00AF1B42 /* CJSONSerializer.m */ = {isa = PBXFileReference; fileEncoding = 4; lastKnownFileType = sourcecode.c.objc; path = CJSONSerializer.m; sourceTree = "<group>"; };
		0C6A778118B9E26D00AF1B42 /* JSONRepresentation.h */ = {isa = PBXFileReference; fileEncoding = 4; lastKnownFileType = sourcecode.c.h; path = JSONRepresentation.h; sourceTree = "<group>"; };
		0C6A778218B9E26D00AF1B42 /* NSDictionary_JSONExtensions.h */ = {isa = PBXFileReference; fileEncoding = 4; lastKnownFileType = sourcecode.c.h; path = NSDictionary_JSONExtensions.h; sourceTree = "<group>"; };
		0C6A778318B9E26D00AF1B42 /* NSDictionary_JSONExtensions.m */ = {isa = PBXFileReference; fileEncoding = 4; lastKnownFileType = sourcecode.c.objc; path = NSDictionary_JSONExtensions.m; sourceTree = "<group>"; };
		0C9017C918B93C1F00A98C5C /* TimeInSponge.app */ = {isa = PBXFileReference; explicitFileType = wrapper.application; includeInIndex = 0; path = TimeInSponge.app; sourceTree = BUILT_PRODUCTS_DIR; };
		0C9017CC18B93C1F00A98C5C /* Foundation.framework */ = {isa = PBXFileReference; lastKnownFileType = wrapper.framework; name = Foundation.framework; path = System/Library/Frameworks/Foundation.framework; sourceTree = SDKROOT; };
		0C9017CE18B93C1F00A98C5C /* CoreGraphics.framework */ = {isa = PBXFileReference; lastKnownFileType = wrapper.framework; name = CoreGraphics.framework; path = System/Library/Frameworks/CoreGraphics.framework; sourceTree = SDKROOT; };
		0C9017D018B93C1F00A98C5C /* UIKit.framework */ = {isa = PBXFileReference; lastKnownFileType = wrapper.framework; name = UIKit.framework; path = System/Library/Frameworks/UIKit.framework; sourceTree = SDKROOT; };
		0C9017D418B93C1F00A98C5C /* TimeInSponge-Info.plist */ = {isa = PBXFileReference; lastKnownFileType = text.plist.xml; path = "TimeInSponge-Info.plist"; sourceTree = "<group>"; };
		0C9017D618B93C1F00A98C5C /* en */ = {isa = PBXFileReference; lastKnownFileType = text.plist.strings; name = en; path = en.lproj/InfoPlist.strings; sourceTree = "<group>"; };
		0C9017D818B93C1F00A98C5C /* main.m */ = {isa = PBXFileReference; lastKnownFileType = sourcecode.c.objc; path = main.m; sourceTree = "<group>"; };
		0C9017DA18B93C1F00A98C5C /* TimeInSponge-Prefix.pch */ = {isa = PBXFileReference; lastKnownFileType = sourcecode.c.h; path = "TimeInSponge-Prefix.pch"; sourceTree = "<group>"; };
		0C9017DB18B93C1F00A98C5C /* AppDelegate.h */ = {isa = PBXFileReference; lastKnownFileType = sourcecode.c.h; path = AppDelegate.h; sourceTree = "<group>"; };
		0C9017DC18B93C1F00A98C5C /* AppDelegate.m */ = {isa = PBXFileReference; lastKnownFileType = sourcecode.c.objc; path = AppDelegate.m; sourceTree = "<group>"; };
		0C9017E418B93C1F00A98C5C /* TSViewController.h */ = {isa = PBXFileReference; lastKnownFileType = sourcecode.c.h; path = TSViewController.h; sourceTree = "<group>"; };
		0C9017E518B93C1F00A98C5C /* TSViewController.m */ = {isa = PBXFileReference; lastKnownFileType = sourcecode.c.objc; path = TSViewController.m; sourceTree = "<group>"; };
		0C9017E718B93C1F00A98C5C /* Images.xcassets */ = {isa = PBXFileReference; lastKnownFileType = folder.assetcatalog; path = Images.xcassets; sourceTree = "<group>"; };
		0C9017ED18B93C2000A98C5C /* TimeInSpongeTests.xctest */ = {isa = PBXFileReference; explicitFileType = wrapper.cfbundle; includeInIndex = 0; path = TimeInSpongeTests.xctest; sourceTree = BUILT_PRODUCTS_DIR; };
		0C9017EE18B93C2000A98C5C /* XCTest.framework */ = {isa = PBXFileReference; lastKnownFileType = wrapper.framework; name = XCTest.framework; path = Library/Frameworks/XCTest.framework; sourceTree = DEVELOPER_DIR; };
		0C9017F618B93C2000A98C5C /* TimeInSpongeTests-Info.plist */ = {isa = PBXFileReference; lastKnownFileType = text.plist.xml; path = "TimeInSpongeTests-Info.plist"; sourceTree = "<group>"; };
		0C9017F818B93C2000A98C5C /* en */ = {isa = PBXFileReference; lastKnownFileType = text.plist.strings; name = en; path = en.lproj/InfoPlist.strings; sourceTree = "<group>"; };
		0C9017FA18B93C2000A98C5C /* TimeInSpongeTests.m */ = {isa = PBXFileReference; lastKnownFileType = sourcecode.c.objc; path = TimeInSpongeTests.m; sourceTree = "<group>"; };
/* End PBXFileReference section */

/* Begin PBXFrameworksBuildPhase section */
		0C9017C618B93C1F00A98C5C /* Frameworks */ = {
			isa = PBXFrameworksBuildPhase;
			buildActionMask = 2147483647;
			files = (
				0C9017CF18B93C1F00A98C5C /* CoreGraphics.framework in Frameworks */,
				0C9017D118B93C1F00A98C5C /* UIKit.framework in Frameworks */,
				0C9017CD18B93C1F00A98C5C /* Foundation.framework in Frameworks */,
			);
			runOnlyForDeploymentPostprocessing = 0;
		};
		0C9017EA18B93C2000A98C5C /* Frameworks */ = {
			isa = PBXFrameworksBuildPhase;
			buildActionMask = 2147483647;
			files = (
				0C9017EF18B93C2000A98C5C /* XCTest.framework in Frameworks */,
				0C9017F118B93C2000A98C5C /* UIKit.framework in Frameworks */,
				0C9017F018B93C2000A98C5C /* Foundation.framework in Frameworks */,
			);
			runOnlyForDeploymentPostprocessing = 0;
		};
/* End PBXFrameworksBuildPhase section */

/* Begin PBXGroup section */
		0C6A774F18B9AC5E00AF1B42 /* Controller */ = {
			isa = PBXGroup;
			children = (
				0C9017E418B93C1F00A98C5C /* TSViewController.h */,
				0C9017E518B93C1F00A98C5C /* TSViewController.m */,
				0C6A775618B9B51F00AF1B42 /* EventDetailViewController.h */,
				0C6A775718B9B51F00AF1B42 /* EventDetailViewController.m */,
				0C6A776F18B9CAC700AF1B42 /* UserViewController.h */,
				0C6A777018B9CAC700AF1B42 /* UserViewController.m */,
			);
			name = Controller;
			sourceTree = "<group>";
		};
		0C6A775018B9AD0300AF1B42 /* Model */ = {
			isa = PBXGroup;
			children = (
				0C6A776218B9BE5000AF1B42 /* EventBriefInfoModel.h */,
				0C6A776318B9BE5000AF1B42 /* EventBriefInfoModel.m */,
				0C6A777218B9DF7400AF1B42 /* AppUtil.h */,
				0C6A777318B9DF7400AF1B42 /* AppUtil.m */,
			);
			name = Model;
			sourceTree = "<group>";
		};
		0C6A775118B9AD1300AF1B42 /* View */ = {
			isa = PBXGroup;
			children = (
				0C6A774A18B9A80700AF1B42 /* TSTableViewCell.h */,
				0C6A774B18B9A80700AF1B42 /* TSTableViewCell.m */,
				0C6A775918B9B9CD00AF1B42 /* TSTableView.h */,
				0C6A775A18B9B9CD00AF1B42 /* TSTableView.m */,
				0C6A775C18B9BB3100AF1B42 /* EventBriefInfoTableViewCell.h */,
				0C6A775D18B9BB3100AF1B42 /* EventBriefInfoTableViewCell.m */,
				0C6A775F18B9BC3700AF1B42 /* EventBriefInfoTableView.h */,
				0C6A776018B9BC3700AF1B42 /* EventBriefInfoTableView.m */,
			);
			name = View;
			sourceTree = "<group>";
		};
		0C6A775218B9AD1900AF1B42 /* Image */ = {
			isa = PBXGroup;
			children = (
				0C6A775418B9AD6C00AF1B42 /* icon.png */,
			);
			name = Image;
			sourceTree = "<group>";
		};
		0C6A775318B9AD4C00AF1B42 /* Xibs */ = {
			isa = PBXGroup;
			children = (
				0C6A774D18B9A9E700AF1B42 /* EventBriefInfoTableViewCell.xib */,
			);
			name = Xibs;
			sourceTree = "<group>";
		};
		0C6A776518B9C9B500AF1B42 /* ViewDeck */ = {
			isa = PBXGroup;
			children = (
				0C6A776618B9C9B500AF1B42 /* IISideController.h */,
				0C6A776718B9C9B500AF1B42 /* IISideController.m */,
				0C6A776818B9C9B500AF1B42 /* IIViewDeckController.h */,
				0C6A776918B9C9B500AF1B42 /* IIViewDeckController.m */,
				0C6A776A18B9C9B500AF1B42 /* IIWrapController.h */,
				0C6A776B18B9C9B500AF1B42 /* IIWrapController.m */,
			);
			path = ViewDeck;
			sourceTree = "<group>";
		};
		0C6A777518B9E11600AF1B42 /* SIKHttpRequest */ = {
			isa = PBXGroup;
			children = (
				0C6A777618B9E11600AF1B42 /* SIKHttpRequest.h */,
				0C6A777718B9E11600AF1B42 /* SIKHttpRequest.m */,
				0C6A777818B9E11600AF1B42 /* SIKHttpResponse.h */,
				0C6A777918B9E11600AF1B42 /* SIKHttpResponse.m */,
			);
			path = SIKHttpRequest;
			sourceTree = "<group>";
		};
		0C6A777C18B9E26D00AF1B42 /* TouchJSON */ = {
			isa = PBXGroup;
			children = (
				0C6A777D18B9E26D00AF1B42 /* CJSONDeserializer.h */,
				0C6A777E18B9E26D00AF1B42 /* CJSONDeserializer.m */,
				0C6A777F18B9E26D00AF1B42 /* CJSONSerializer.h */,
				0C6A778018B9E26D00AF1B42 /* CJSONSerializer.m */,
				0C6A778118B9E26D00AF1B42 /* JSONRepresentation.h */,
				0C6A778218B9E26D00AF1B42 /* NSDictionary_JSONExtensions.h */,
				0C6A778318B9E26D00AF1B42 /* NSDictionary_JSONExtensions.m */,
			);
			name = TouchJSON;
			path = Source;
			sourceTree = "<group>";
		};
		0C9017C018B93C1F00A98C5C = {
			isa = PBXGroup;
			children = (
				0C9017D218B93C1F00A98C5C /* TimeInSponge */,
				0C9017F418B93C2000A98C5C /* TimeInSpongeTests */,
				0C9017CB18B93C1F00A98C5C /* Frameworks */,
				0C9017CA18B93C1F00A98C5C /* Products */,
			);
			sourceTree = "<group>";
		};
		0C9017CA18B93C1F00A98C5C /* Products */ = {
			isa = PBXGroup;
			children = (
				0C9017C918B93C1F00A98C5C /* TimeInSponge.app */,
				0C9017ED18B93C2000A98C5C /* TimeInSpongeTests.xctest */,
			);
			name = Products;
			sourceTree = "<group>";
		};
		0C9017CB18B93C1F00A98C5C /* Frameworks */ = {
			isa = PBXGroup;
			children = (
				0C6A777C18B9E26D00AF1B42 /* TouchJSON */,
				0C6A777518B9E11600AF1B42 /* SIKHttpRequest */,
				0C6A776518B9C9B500AF1B42 /* ViewDeck */,
				0C9017CC18B93C1F00A98C5C /* Foundation.framework */,
				0C9017CE18B93C1F00A98C5C /* CoreGraphics.framework */,
				0C9017D018B93C1F00A98C5C /* UIKit.framework */,
				0C9017EE18B93C2000A98C5C /* XCTest.framework */,
			);
			name = Frameworks;
			sourceTree = "<group>";
		};
		0C9017D218B93C1F00A98C5C /* TimeInSponge */ = {
			isa = PBXGroup;
			children = (
				0C6A775318B9AD4C00AF1B42 /* Xibs */,
				0C6A775218B9AD1900AF1B42 /* Image */,
				0C6A775118B9AD1300AF1B42 /* View */,
				0C6A775018B9AD0300AF1B42 /* Model */,
				0C6A774F18B9AC5E00AF1B42 /* Controller */,
				0C9017DB18B93C1F00A98C5C /* AppDelegate.h */,
				0C9017DC18B93C1F00A98C5C /* AppDelegate.m */,
				0C9017E718B93C1F00A98C5C /* Images.xcassets */,
				0C9017D318B93C1F00A98C5C /* Supporting Files */,
			);
			path = TimeInSponge;
			sourceTree = "<group>";
		};
		0C9017D318B93C1F00A98C5C /* Supporting Files */ = {
			isa = PBXGroup;
			children = (
				0C9017D418B93C1F00A98C5C /* TimeInSponge-Info.plist */,
				0C9017D518B93C1F00A98C5C /* InfoPlist.strings */,
				0C9017D818B93C1F00A98C5C /* main.m */,
				0C9017DA18B93C1F00A98C5C /* TimeInSponge-Prefix.pch */,
			);
			name = "Supporting Files";
			sourceTree = "<group>";
		};
		0C9017F418B93C2000A98C5C /* TimeInSpongeTests */ = {
			isa = PBXGroup;
			children = (
				0C9017FA18B93C2000A98C5C /* TimeInSpongeTests.m */,
				0C9017F518B93C2000A98C5C /* Supporting Files */,
			);
			path = TimeInSpongeTests;
			sourceTree = "<group>";
		};
		0C9017F518B93C2000A98C5C /* Supporting Files */ = {
			isa = PBXGroup;
			children = (
				0C9017F618B93C2000A98C5C /* TimeInSpongeTests-Info.plist */,
				0C9017F718B93C2000A98C5C /* InfoPlist.strings */,
			);
			name = "Supporting Files";
			sourceTree = "<group>";
		};
/* End PBXGroup section */

/* Begin PBXNativeTarget section */
		0C9017C818B93C1F00A98C5C /* TimeInSponge */ = {
			isa = PBXNativeTarget;
			buildConfigurationList = 0C9017FE18B93C2000A98C5C /* Build configuration list for PBXNativeTarget "TimeInSponge" */;
			buildPhases = (
				0C9017C518B93C1F00A98C5C /* Sources */,
				0C9017C618B93C1F00A98C5C /* Frameworks */,
				0C9017C718B93C1F00A98C5C /* Resources */,
			);
			buildRules = (
			);
			dependencies = (
			);
			name = TimeInSponge;
			productName = TimeInSponge;
			productReference = 0C9017C918B93C1F00A98C5C /* TimeInSponge.app */;
			productType = "com.apple.product-type.application";
		};
		0C9017EC18B93C2000A98C5C /* TimeInSpongeTests */ = {
			isa = PBXNativeTarget;
			buildConfigurationList = 0C90180118B93C2000A98C5C /* Build configuration list for PBXNativeTarget "TimeInSpongeTests" */;
			buildPhases = (
				0C9017E918B93C2000A98C5C /* Sources */,
				0C9017EA18B93C2000A98C5C /* Frameworks */,
				0C9017EB18B93C2000A98C5C /* Resources */,
			);
			buildRules = (
			);
			dependencies = (
				0C9017F318B93C2000A98C5C /* PBXTargetDependency */,
			);
			name = TimeInSpongeTests;
			productName = TimeInSpongeTests;
			productReference = 0C9017ED18B93C2000A98C5C /* TimeInSpongeTests.xctest */;
			productType = "com.apple.product-type.bundle.unit-test";
		};
/* End PBXNativeTarget section */

/* Begin PBXProject section */
		0C9017C118B93C1F00A98C5C /* Project object */ = {
			isa = PBXProject;
			attributes = {
				LastUpgradeCheck = 0500;
				ORGANIZATIONNAME = TimeInSponge.inc;
				TargetAttributes = {
					0C9017EC18B93C2000A98C5C = {
						TestTargetID = 0C9017C818B93C1F00A98C5C;
					};
				};
			};
			buildConfigurationList = 0C9017C418B93C1F00A98C5C /* Build configuration list for PBXProject "TimeInSponge" */;
			compatibilityVersion = "Xcode 3.2";
			developmentRegion = English;
			hasScannedForEncodings = 0;
			knownRegions = (
				en,
				Base,
			);
			mainGroup = 0C9017C018B93C1F00A98C5C;
			productRefGroup = 0C9017CA18B93C1F00A98C5C /* Products */;
			projectDirPath = "";
			projectRoot = "";
			targets = (
				0C9017C818B93C1F00A98C5C /* TimeInSponge */,
				0C9017EC18B93C2000A98C5C /* TimeInSpongeTests */,
			);
		};
/* End PBXProject section */

/* Begin PBXResourcesBuildPhase section */
		0C9017C718B93C1F00A98C5C /* Resources */ = {
			isa = PBXResourcesBuildPhase;
			buildActionMask = 2147483647;
			files = (
				0C6A774E18B9A9E700AF1B42 /* EventBriefInfoTableViewCell.xib in Resources */,
				0C6A775518B9AD6C00AF1B42 /* icon.png in Resources */,
				0C9017E818B93C1F00A98C5C /* Images.xcassets in Resources */,
				0C9017D718B93C1F00A98C5C /* InfoPlist.strings in Resources */,
			);
			runOnlyForDeploymentPostprocessing = 0;
		};
		0C9017EB18B93C2000A98C5C /* Resources */ = {
			isa = PBXResourcesBuildPhase;
			buildActionMask = 2147483647;
			files = (
				0C9017F918B93C2000A98C5C /* InfoPlist.strings in Resources */,
			);
			runOnlyForDeploymentPostprocessing = 0;
		};
/* End PBXResourcesBuildPhase section */

/* Begin PBXSourcesBuildPhase section */
		0C9017C518B93C1F00A98C5C /* Sources */ = {
			isa = PBXSourcesBuildPhase;
			buildActionMask = 2147483647;
			files = (
				0C6A778418B9E26D00AF1B42 /* CJSONDeserializer.m in Sources */,
				0C6A777A18B9E11600AF1B42 /* SIKHttpRequest.m in Sources */,
				0C6A775E18B9BB3100AF1B42 /* EventBriefInfoTableViewCell.m in Sources */,
				0C6A777B18B9E11600AF1B42 /* SIKHttpResponse.m in Sources */,
				0C6A776D18B9C9B500AF1B42 /* IIViewDeckController.m in Sources */,
				0C9017E618B93C1F00A98C5C /* TSViewController.m in Sources */,
				0C6A778618B9E26D00AF1B42 /* NSDictionary_JSONExtensions.m in Sources */,
				0C6A775818B9B51F00AF1B42 /* EventDetailViewController.m in Sources */,
				0C6A774C18B9A80700AF1B42 /* TSTableViewCell.m in Sources */,
				0C6A776E18B9C9B500AF1B42 /* IIWrapController.m in Sources */,
				0C6A776C18B9C9B500AF1B42 /* IISideController.m in Sources */,
				0C9017DD18B93C1F00A98C5C /* AppDelegate.m in Sources */,
				0C6A776118B9BC3700AF1B42 /* EventBriefInfoTableView.m in Sources */,
				0C6A777418B9DF7400AF1B42 /* AppUtil.m in Sources */,
				0C6A775B18B9B9CD00AF1B42 /* TSTableView.m in Sources */,
				0C9017D918B93C1F00A98C5C /* main.m in Sources */,
				0C6A778518B9E26D00AF1B42 /* CJSONSerializer.m in Sources */,
				0C6A777118B9CAC700AF1B42 /* UserViewController.m in Sources */,
				0C6A776418B9BE5000AF1B42 /* EventBriefInfoModel.m in Sources */,
			);
			runOnlyForDeploymentPostprocessing = 0;
		};
		0C9017E918B93C2000A98C5C /* Sources */ = {
			isa = PBXSourcesBuildPhase;
			buildActionMask = 2147483647;
			files = (
				0C9017FB18B93C2000A98C5C /* TimeInSpongeTests.m in Sources */,
			);
			runOnlyForDeploymentPostprocessing = 0;
		};
/* End PBXSourcesBuildPhase section */

/* Begin PBXTargetDependency section */
		0C9017F318B93C2000A98C5C /* PBXTargetDependency */ = {
			isa = PBXTargetDependency;
			target = 0C9017C818B93C1F00A98C5C /* TimeInSponge */;
			targetProxy = 0C9017F218B93C2000A98C5C /* PBXContainerItemProxy */;
		};
/* End PBXTargetDependency section */

/* Begin PBXVariantGroup section */
		0C9017D518B93C1F00A98C5C /* InfoPlist.strings */ = {
			isa = PBXVariantGroup;
			children = (
				0C9017D618B93C1F00A98C5C /* en */,
			);
			name = InfoPlist.strings;
			sourceTree = "<group>";
		};
		0C9017F718B93C2000A98C5C /* InfoPlist.strings */ = {
			isa = PBXVariantGroup;
			children = (
				0C9017F818B93C2000A98C5C /* en */,
			);
			name = InfoPlist.strings;
			sourceTree = "<group>";
		};
/* End PBXVariantGroup section */

/* Begin XCBuildConfiguration section */
		0C9017FC18B93C2000A98C5C /* Debug */ = {
			isa = XCBuildConfiguration;
			buildSettings = {
				ALWAYS_SEARCH_USER_PATHS = NO;
				ARCHS = "$(ARCHS_STANDARD_INCLUDING_64_BIT)";
				CLANG_CXX_LANGUAGE_STANDARD = "gnu++0x";
				CLANG_CXX_LIBRARY = "libc++";
				CLANG_ENABLE_MODULES = YES;
				CLANG_ENABLE_OBJC_ARC = YES;
				CLANG_WARN_BOOL_CONVERSION = YES;
				CLANG_WARN_CONSTANT_CONVERSION = YES;
				CLANG_WARN_DIRECT_OBJC_ISA_USAGE = YES_ERROR;
				CLANG_WARN_EMPTY_BODY = YES;
				CLANG_WARN_ENUM_CONVERSION = YES;
				CLANG_WARN_INT_CONVERSION = YES;
				CLANG_WARN_OBJC_ROOT_CLASS = YES_ERROR;
				CLANG_WARN__DUPLICATE_METHOD_MATCH = YES;
				"CODE_SIGN_IDENTITY[sdk=iphoneos*]" = "iPhone Developer";
				COPY_PHASE_STRIP = NO;
				GCC_C_LANGUAGE_STANDARD = gnu99;
				GCC_DYNAMIC_NO_PIC = NO;
				GCC_OPTIMIZATION_LEVEL = 0;
				GCC_PREPROCESSOR_DEFINITIONS = (
					"DEBUG=1",
					"$(inherited)",
				);
				GCC_SYMBOLS_PRIVATE_EXTERN = NO;
				GCC_WARN_64_TO_32_BIT_CONVERSION = YES;
				GCC_WARN_ABOUT_RETURN_TYPE = YES_ERROR;
				GCC_WARN_UNDECLARED_SELECTOR = YES;
				GCC_WARN_UNINITIALIZED_AUTOS = YES;
				GCC_WARN_UNUSED_FUNCTION = YES;
				GCC_WARN_UNUSED_VARIABLE = YES;
				IPHONEOS_DEPLOYMENT_TARGET = 7.0;
				ONLY_ACTIVE_ARCH = YES;
				SDKROOT = iphoneos;
				TARGETED_DEVICE_FAMILY = "1,2";
			};
			name = Debug;
		};
		0C9017FD18B93C2000A98C5C /* Release */ = {
			isa = XCBuildConfiguration;
			buildSettings = {
				ALWAYS_SEARCH_USER_PATHS = NO;
				ARCHS = "$(ARCHS_STANDARD_INCLUDING_64_BIT)";
				CLANG_CXX_LANGUAGE_STANDARD = "gnu++0x";
				CLANG_CXX_LIBRARY = "libc++";
				CLANG_ENABLE_MODULES = YES;
				CLANG_ENABLE_OBJC_ARC = YES;
				CLANG_WARN_BOOL_CONVERSION = YES;
				CLANG_WARN_CONSTANT_CONVERSION = YES;
				CLANG_WARN_DIRECT_OBJC_ISA_USAGE = YES_ERROR;
				CLANG_WARN_EMPTY_BODY = YES;
				CLANG_WARN_ENUM_CONVERSION = YES;
				CLANG_WARN_INT_CONVERSION = YES;
				CLANG_WARN_OBJC_ROOT_CLASS = YES_ERROR;
				CLANG_WARN__DUPLICATE_METHOD_MATCH = YES;
				"CODE_SIGN_IDENTITY[sdk=iphoneos*]" = "iPhone Developer";
				COPY_PHASE_STRIP = YES;
				ENABLE_NS_ASSERTIONS = NO;
				GCC_C_LANGUAGE_STANDARD = gnu99;
				GCC_WARN_64_TO_32_BIT_CONVERSION = YES;
				GCC_WARN_ABOUT_RETURN_TYPE = YES_ERROR;
				GCC_WARN_UNDECLARED_SELECTOR = YES;
				GCC_WARN_UNINITIALIZED_AUTOS = YES;
				GCC_WARN_UNUSED_FUNCTION = YES;
				GCC_WARN_UNUSED_VARIABLE = YES;
				IPHONEOS_DEPLOYMENT_TARGET = 7.0;
				SDKROOT = iphoneos;
				TARGETED_DEVICE_FAMILY = "1,2";
				VALIDATE_PRODUCT = YES;
			};
			name = Release;
		};
		0C9017FF18B93C2000A98C5C /* Debug */ = {
			isa = XCBuildConfiguration;
			buildSettings = {
				ASSETCATALOG_COMPILER_APPICON_NAME = AppIcon;
				ASSETCATALOG_COMPILER_LAUNCHIMAGE_NAME = LaunchImage;
				GCC_PRECOMPILE_PREFIX_HEADER = YES;
				GCC_PREFIX_HEADER = "TimeInSponge/TimeInSponge-Prefix.pch";
				INFOPLIST_FILE = "TimeInSponge/TimeInSponge-Info.plist";
				PRODUCT_NAME = "$(TARGET_NAME)";
				WRAPPER_EXTENSION = app;
			};
			name = Debug;
		};
		0C90180018B93C2000A98C5C /* Release */ = {
			isa = XCBuildConfiguration;
			buildSettings = {
				ASSETCATALOG_COMPILER_APPICON_NAME = AppIcon;
				ASSETCATALOG_COMPILER_LAUNCHIMAGE_NAME = LaunchImage;
				GCC_PRECOMPILE_PREFIX_HEADER = YES;
				GCC_PREFIX_HEADER = "TimeInSponge/TimeInSponge-Prefix.pch";
				INFOPLIST_FILE = "TimeInSponge/TimeInSponge-Info.plist";
				PRODUCT_NAME = "$(TARGET_NAME)";
				WRAPPER_EXTENSION = app;
			};
			name = Release;
		};
		0C90180218B93C2000A98C5C /* Debug */ = {
			isa = XCBuildConfiguration;
			buildSettings = {
				ARCHS = "$(ARCHS_STANDARD_INCLUDING_64_BIT)";
				BUNDLE_LOADER = "$(BUILT_PRODUCTS_DIR)/TimeInSponge.app/TimeInSponge";
				FRAMEWORK_SEARCH_PATHS = (
					"$(SDKROOT)/Developer/Library/Frameworks",
					"$(inherited)",
					"$(DEVELOPER_FRAMEWORKS_DIR)",
				);
				GCC_PRECOMPILE_PREFIX_HEADER = YES;
				GCC_PREFIX_HEADER = "TimeInSponge/TimeInSponge-Prefix.pch";
				GCC_PREPROCESSOR_DEFINITIONS = (
					"DEBUG=1",
					"$(inherited)",
				);
				INFOPLIST_FILE = "TimeInSpongeTests/TimeInSpongeTests-Info.plist";
				PRODUCT_NAME = "$(TARGET_NAME)";
				TEST_HOST = "$(BUNDLE_LOADER)";
				WRAPPER_EXTENSION = xctest;
			};
			name = Debug;
		};
		0C90180318B93C2000A98C5C /* Release */ = {
			isa = XCBuildConfiguration;
			buildSettings = {
				ARCHS = "$(ARCHS_STANDARD_INCLUDING_64_BIT)";
				BUNDLE_LOADER = "$(BUILT_PRODUCTS_DIR)/TimeInSponge.app/TimeInSponge";
				FRAMEWORK_SEARCH_PATHS = (
					"$(SDKROOT)/Developer/Library/Frameworks",
					"$(inherited)",
					"$(DEVELOPER_FRAMEWORKS_DIR)",
				);
				GCC_PRECOMPILE_PREFIX_HEADER = YES;
				GCC_PREFIX_HEADER = "TimeInSponge/TimeInSponge-Prefix.pch";
				INFOPLIST_FILE = "TimeInSpongeTests/TimeInSpongeTests-Info.plist";
				PRODUCT_NAME = "$(TARGET_NAME)";
				TEST_HOST = "$(BUNDLE_LOADER)";
				WRAPPER_EXTENSION = xctest;
			};
			name = Release;
		};
/* End XCBuildConfiguration section */

/* Begin XCConfigurationList section */
		0C9017C418B93C1F00A98C5C /* Build configuration list for PBXProject "TimeInSponge" */ = {
			isa = XCConfigurationList;
			buildConfigurations = (
				0C9017FC18B93C2000A98C5C /* Debug */,
				0C9017FD18B93C2000A98C5C /* Release */,
			);
			defaultConfigurationIsVisible = 0;
			defaultConfigurationName = Release;
		};
		0C9017FE18B93C2000A98C5C /* Build configuration list for PBXNativeTarget "TimeInSponge" */ = {
			isa = XCConfigurationList;
			buildConfigurations = (
				0C9017FF18B93C2000A98C5C /* Debug */,
				0C90180018B93C2000A98C5C /* Release */,
			);
			defaultConfigurationIsVisible = 0;
			defaultConfigurationName = Release;
		};
		0C90180118B93C2000A98C5C /* Build configuration list for PBXNativeTarget "TimeInSpongeTests" */ = {
			isa = XCConfigurationList;
			buildConfigurations = (
				0C90180218B93C2000A98C5C /* Debug */,
				0C90180318B93C2000A98C5C /* Release */,
			);
			defaultConfigurationIsVisible = 0;
			defaultConfigurationName = Release;
		};
/* End XCConfigurationList section */
	};
	rootObject = 0C9017C118B93C1F00A98C5C /* Project object */;
}
